# This file was autogenerated by Stack.
# You should not edit this file by hand.
# For more information, please see the documentation at:
#   https://docs.haskellstack.org/en/stable/lock_files

packages:
- completed:
    hackage: vinyl-0.11.0@sha256:ba415a21faa638d4fa1df04513c789764458b923f4deacf6defd632a030a0639,3804
    pantry-tree:
      size: 1857
      sha256: 97f42f96852ab5278f9d57f0a1121298fae557fe8c107e11dbf55d3ac6697fc4
  original:
    hackage: vinyl-0.11.0
snapshots:
- completed:
    size: 523441
    url: https://raw.githubusercontent.com/commercialhaskell/stackage-snapshots/master/nightly/2019/8/3.yaml
    sha256: 096b436543020fde7f0dd0ceb029c4a324977e7e8feb64e6b2a90f7906db21d3
  original: nightly-2019-08-03
