# This file was autogenerated by Stack.
# You should not edit this file by hand.
# For more information, please see the documentation at:
#   https://docs.haskellstack.org/en/stable/lock_files

packages:
- completed:
    hackage: vinyl-0.12.2@sha256:cefc269fd137841861c13f28a3f20f5973ef24e9f1e6245b77b688f1cbd979de,3717
    pantry-tree:
      size: 1857
      sha256: 746367fcc06b7b1ffe5f55cc388df2daa3f5eb0f87b06f4e79582e3d16ef33a9
  original:
    hackage: vinyl-0.12.2
snapshots:
- completed:
    size: 532177
    url: https://raw.githubusercontent.com/commercialhaskell/stackage-snapshots/master/lts/16/19.yaml
    sha256: d2b828ecf50386841d0c5700b58d38566992e10d63a062af497ab29ab031faa1
  original: lts-16.19
