# This file was autogenerated by Stack.
# You should not edit this file by hand.
# For more information, please see the documentation at:
#   https://docs.haskellstack.org/en/stable/lock_files

packages:
- completed:
    hackage: vinyl-0.12.2@sha256:cefc269fd137841861c13f28a3f20f5973ef24e9f1e6245b77b688f1cbd979de,3717
    pantry-tree:
      size: 1857
      sha256: 746367fcc06b7b1ffe5f55cc388df2daa3f5eb0f87b06f4e79582e3d16ef33a9
  original:
    hackage: vinyl-0.12.2
snapshots:
- completed:
    size: 503181
    url: https://raw.githubusercontent.com/commercialhaskell/stackage-snapshots/master/nightly/2020/6/25.yaml
    sha256: 96e98363790e62f4498da632069a03101cf588b3b47925e707f080cff4b6cfbb
  original: nightly-2020-06-25
